
Microsoft Visual Studio Solution File, Format Version 12.00
# Visual Studio Version 17
VisualStudioVersion = 17.5.2.0
MinimumVisualStudioVersion = 10.0.40219.1
Project("{FAE04EC0-301F-11D3-BF4B-00C04F79EFBC}") = "TestPlanManager", "TestPlanManager.csproj", "{4E32D79F-C9D8-EA78-0B65-BB2EA628F463}"
EndProject
Project("{FAE04EC0-301F-11D3-BF4B-00C04F79EFBC}") = "TestPlanManager.Tests", "..\TestPlanManager.Tests\TestPlanManager.Tests.csproj", "{874276CC-298B-4EA6-B9B7-9559A4E17FCD}"
EndProject
Global
	GlobalSection(SolutionConfigurationPlatforms) = preSolution
		Debug|Any CPU = Debug|Any CPU
		Debug|x64 = Debug|x64
		Debug|x86 = Debug|x86
		Release|Any CPU = Release|Any CPU
		Release|x64 = Release|x64
		Release|x86 = Release|x86
	EndGlobalSection
	GlobalSection(ProjectConfigurationPlatforms) = postSolution
		{4E32D79F-C9D8-EA78-0B65-BB2EA628F463}.Debug|Any CPU.ActiveCfg = Debug|Any CPU
		{4E32D79F-C9D8-EA78-0B65-BB2EA628F463}.Debug|Any CPU.Build.0 = Debug|Any CPU
		{4E32D79F-C9D8-EA78-0B65-BB2EA628F463}.Debug|x64.ActiveCfg = Debug|Any CPU
		{4E32D79F-C9D8-EA78-0B65-BB2EA628F463}.Debug|x64.Build.0 = Debug|Any CPU
		{4E32D79F-C9D8-EA78-0B65-BB2EA628F463}.Debug|x86.ActiveCfg = Debug|Any CPU
		{4E32D79F-C9D8-EA78-0B65-BB2EA628F463}.Debug|x86.Build.0 = Debug|Any CPU
		{4E32D79F-C9D8-EA78-0B65-BB2EA628F463}.Release|Any CPU.ActiveCfg = Release|Any CPU
		{4E32D79F-C9D8-EA78-0B65-BB2EA628F463}.Release|Any CPU.Build.0 = Release|Any CPU
		{4E32D79F-C9D8-EA78-0B65-BB2EA628F463}.Release|x64.ActiveCfg = Release|Any CPU
		{4E32D79F-C9D8-EA78-0B65-BB2EA628F463}.Release|x64.Build.0 = Release|Any CPU
		{4E32D79F-C9D8-EA78-0B65-BB2EA628F463}.Release|x86.ActiveCfg = Release|Any CPU
		{4E32D79F-C9D8-EA78-0B65-BB2EA628F463}.Release|x86.Build.0 = Release|Any CPU
		{874276CC-298B-4EA6-B9B7-9559A4E17FCD}.Debug|Any CPU.ActiveCfg = Debug|Any CPU
		{874276CC-298B-4EA6-B9B7-9559A4E17FCD}.Debug|Any CPU.Build.0 = Debug|Any CPU
		{874276CC-298B-4EA6-B9B7-9559A4E17FCD}.Debug|x64.ActiveCfg = Debug|Any CPU
		{874276CC-298B-4EA6-B9B7-9559A4E17FCD}.Debug|x64.Build.0 = Debug|Any CPU
		{874276CC-298B-4EA6-B9B7-9559A4E17FCD}.Debug|x86.ActiveCfg = Debug|Any CPU
		{874276CC-298B-4EA6-B9B7-9559A4E17FCD}.Debug|x86.Build.0 = Debug|Any CPU
		{874276CC-298B-4EA6-B9B7-9559A4E17FCD}.Release|Any CPU.ActiveCfg = Release|Any CPU
		{874276CC-298B-4EA6-B9B7-9559A4E17FCD}.Release|Any CPU.Build.0 = Release|Any CPU
		{874276CC-298B-4EA6-B9B7-9559A4E17FCD}.Release|x64.ActiveCfg = Release|Any CPU
		{874276CC-298B-4EA6-B9B7-9559A4E17FCD}.Release|x64.Build.0 = Release|Any CPU
		{874276CC-298B-4EA6-B9B7-9559A4E17FCD}.Release|x86.ActiveCfg = Release|Any CPU
		{874276CC-298B-4EA6-B9B7-9559A4E17FCD}.Release|x86.Build.0 = Release|Any CPU
	EndGlobalSection
	GlobalSection(SolutionProperties) = preSolution
		HideSolutionNode = FALSE
	EndGlobalSection
	GlobalSection(ExtensibilityGlobals) = postSolution
		SolutionGuid = {5B247B23-E58D-4997-804E-9ED7CB2461EE}
	EndGlobalSection
EndGlobal
